// !$*UTF8*$!
{
	archiveVersion = 1;
	classes = {
	};
	objectVersion = 46;
	objects = {

/* Begin PBXBuildFile section */
		03F77B6D3ED9C6FB8CDC9F823DA2FC15 /* NNMultipleImagePickerController.m in Sources */ = {isa = PBXBuildFile; fileRef = 65E6729C5543047DFED014E57DBBE6AF /* NNMultipleImagePickerController.m */; };
		289AA850631C8A3B7487CA4B925A0CC3 /* NNMultipleImagePickerController.storyboard in Resources */ = {isa = PBXBuildFile; fileRef = 82CF8542799515008439A9FC7B221EAD /* NNMultipleImagePickerController.storyboard */; };
		35BEE1CDCC093023542F27BD92077236 /* Pods-NNMultipleImagePickerController_Example-dummy.m in Sources */ = {isa = PBXBuildFile; fileRef = 7F6A1B61BBCF1F577E7510143378057A /* Pods-NNMultipleImagePickerController_Example-dummy.m */; };
		401438FF0AE21FEB6736B0EF4DACD3C2 /* NNMIPGridVC.m in Sources */ = {isa = PBXBuildFile; fileRef = D5C11CE5BA69DB41E067CBD8B84A126A /* NNMIPGridVC.m */; };
		43E4158681DBD7B7FB550C6428180A89 /* Foundation.framework in Frameworks */ = {isa = PBXBuildFile; fileRef = 3E4E89230EF59BC255123B67864ACF77 /* Foundation.framework */; };
		5A562D8AA15689447447BD7DE72F0FB9 /* NNMultipleImagePickerController.h in Headers */ = {isa = PBXBuildFile; fileRef = 30DC178E5A9B01FAD63B39E27BB6F564 /* NNMultipleImagePickerController.h */; settings = {ATTRIBUTES = (Public, ); }; };
		704CE286602133263BD9B48C607B05A1 /* Foundation.framework in Frameworks */ = {isa = PBXBuildFile; fileRef = 3E4E89230EF59BC255123B67864ACF77 /* Foundation.framework */; };
		79119CFAF34B21C009A000A9AAD28275 /* Foundation.framework in Frameworks */ = {isa = PBXBuildFile; fileRef = 3E4E89230EF59BC255123B67864ACF77 /* Foundation.framework */; };
		83EAAB97624C727A77B30BCF5EE9F0D3 /* NNMultipleImagePickerController-dummy.m in Sources */ = {isa = PBXBuildFile; fileRef = F1F4619F56301F224C9CBEDBB2CD894A /* NNMultipleImagePickerController-dummy.m */; };
		8ECD21FF555C8184FB151830A86965B7 /* checkSmall@2x.png in Resources */ = {isa = PBXBuildFile; fileRef = DACC2885C1B5B6003450585BA9623616 /* checkSmall@2x.png */; };
		CE8214F1A422587141B9E96434A9497B /* Pods-NNMultipleImagePickerController_Tests-dummy.m in Sources */ = {isa = PBXBuildFile; fileRef = 6CA184DFE7D7FE89FF8DB37EFBDDE4BD /* Pods-NNMultipleImagePickerController_Tests-dummy.m */; };
		D32D4BE492F7E5929BABDFAD2DE1DA0F /* NNMIPGridVC.h in Headers */ = {isa = PBXBuildFile; fileRef = 43A0CA5CE46086D64E82AD0F3BA8D74F /* NNMIPGridVC.h */; settings = {ATTRIBUTES = (Public, ); }; };
/* End PBXBuildFile section */

/* Begin PBXContainerItemProxy section */
		13BECADAEE758CAD9205E8A6831D9DB7 /* PBXContainerItemProxy */ = {
			isa = PBXContainerItemProxy;
			containerPortal = D41D8CD98F00B204E9800998ECF8427E /* Project object */;
			proxyType = 1;
			remoteGlobalIDString = 2F3D351E021474412D4D9ABF85556B42;
			remoteInfo = NNMultipleImagePickerController;
		};
		7D5691ADD7946801B5728FAB46E7E46F /* PBXContainerItemProxy */ = {
			isa = PBXContainerItemProxy;
			containerPortal = D41D8CD98F00B204E9800998ECF8427E /* Project object */;
			proxyType = 1;
			remoteGlobalIDString = 2F3D351E021474412D4D9ABF85556B42;
			remoteInfo = NNMultipleImagePickerController;
		};
		AF6B86CCBCCBE4D7459B0AC8AD29638E /* PBXContainerItemProxy */ = {
			isa = PBXContainerItemProxy;
			containerPortal = D41D8CD98F00B204E9800998ECF8427E /* Project object */;
			proxyType = 1;
			remoteGlobalIDString = 0599FE9C3CE251DB517DB87CB2D04EC4;
			remoteInfo = "NNMultipleImagePickerController-NNMultipleImagePickerController";
		};
/* End PBXContainerItemProxy section */

/* Begin PBXFileReference section */
		06F31BF448F85A9042C0FEA1786BA0AC /* libPods-NNMultipleImagePickerController_Tests.a */ = {isa = PBXFileReference; explicitFileType = archive.ar; includeInIndex = 0; path = "libPods-NNMultipleImagePickerController_Tests.a"; sourceTree = BUILT_PRODUCTS_DIR; };
		0B9F60AB483FD64057A7ED19B6389E30 /* Pods-NNMultipleImagePickerController_Tests.release.xcconfig */ = {isa = PBXFileReference; includeInIndex = 1; lastKnownFileType = text.xcconfig; path = "Pods-NNMultipleImagePickerController_Tests.release.xcconfig"; sourceTree = "<group>"; };
		1755406A05B3121AF9106E776B9DD43B /* libPods-NNMultipleImagePickerController_Example.a */ = {isa = PBXFileReference; explicitFileType = archive.ar; includeInIndex = 0; path = "libPods-NNMultipleImagePickerController_Example.a"; sourceTree = BUILT_PRODUCTS_DIR; };
		1B0529DD5FBB4FCDB266CAEED7C5F1CD /* Pods-NNMultipleImagePickerController_Tests-frameworks.sh */ = {isa = PBXFileReference; includeInIndex = 1; lastKnownFileType = text.script.sh; path = "Pods-NNMultipleImagePickerController_Tests-frameworks.sh"; sourceTree = "<group>"; };
		30DC178E5A9B01FAD63B39E27BB6F564 /* NNMultipleImagePickerController.h */ = {isa = PBXFileReference; includeInIndex = 1; lastKnownFileType = sourcecode.c.h; path = NNMultipleImagePickerController.h; sourceTree = "<group>"; };
		3E4E89230EF59BC255123B67864ACF77 /* Foundation.framework */ = {isa = PBXFileReference; lastKnownFileType = wrapper.framework; name = Foundation.framework; path = Platforms/iPhoneOS.platform/Developer/SDKs/iPhoneOS9.0.sdk/System/Library/Frameworks/Foundation.framework; sourceTree = DEVELOPER_DIR; };
		43A0CA5CE46086D64E82AD0F3BA8D74F /* NNMIPGridVC.h */ = {isa = PBXFileReference; includeInIndex = 1; lastKnownFileType = sourcecode.c.h; path = NNMIPGridVC.h; sourceTree = "<group>"; };
		4D79A223005E61FDF4933CE4E822617A /* libNNMultipleImagePickerController.a */ = {isa = PBXFileReference; explicitFileType = archive.ar; includeInIndex = 0; path = libNNMultipleImagePickerController.a; sourceTree = BUILT_PRODUCTS_DIR; };
		5E3EA67D98257733161959E57DFF8002 /* Pods-NNMultipleImagePickerController_Example.release.xcconfig */ = {isa = PBXFileReference; includeInIndex = 1; lastKnownFileType = text.xcconfig; path = "Pods-NNMultipleImagePickerController_Example.release.xcconfig"; sourceTree = "<group>"; };
		5F81D1DBE99BE74C3D4CC602C96CD34F /* Pods-NNMultipleImagePickerController_Tests.debug.xcconfig */ = {isa = PBXFileReference; includeInIndex = 1; lastKnownFileType = text.xcconfig; path = "Pods-NNMultipleImagePickerController_Tests.debug.xcconfig"; sourceTree = "<group>"; };
		65E6729C5543047DFED014E57DBBE6AF /* NNMultipleImagePickerController.m */ = {isa = PBXFileReference; includeInIndex = 1; lastKnownFileType = sourcecode.c.objc; path = NNMultipleImagePickerController.m; sourceTree = "<group>"; };
		6636E61A640738A0199F893837F7694A /* Pods-NNMultipleImagePickerController_Tests-resources.sh */ = {isa = PBXFileReference; includeInIndex = 1; lastKnownFileType = text.script.sh; path = "Pods-NNMultipleImagePickerController_Tests-resources.sh"; sourceTree = "<group>"; };
		6BD0E8E1D139F32B4EDBD8F74031E70F /* Pods-NNMultipleImagePickerController_Example-acknowledgements.plist */ = {isa = PBXFileReference; includeInIndex = 1; lastKnownFileType = text.plist.xml; path = "Pods-NNMultipleImagePickerController_Example-acknowledgements.plist"; sourceTree = "<group>"; };
		6CA184DFE7D7FE89FF8DB37EFBDDE4BD /* Pods-NNMultipleImagePickerController_Tests-dummy.m */ = {isa = PBXFileReference; includeInIndex = 1; lastKnownFileType = sourcecode.c.objc; path = "Pods-NNMultipleImagePickerController_Tests-dummy.m"; sourceTree = "<group>"; };
		722C9BC13C924FD79F1E8EABC43439D3 /* Pods-NNMultipleImagePickerController_Example-resources.sh */ = {isa = PBXFileReference; includeInIndex = 1; lastKnownFileType = text.script.sh; path = "Pods-NNMultipleImagePickerController_Example-resources.sh"; sourceTree = "<group>"; };
		7F6A1B61BBCF1F577E7510143378057A /* Pods-NNMultipleImagePickerController_Example-dummy.m */ = {isa = PBXFileReference; includeInIndex = 1; lastKnownFileType = sourcecode.c.objc; path = "Pods-NNMultipleImagePickerController_Example-dummy.m"; sourceTree = "<group>"; };
		82CF8542799515008439A9FC7B221EAD /* NNMultipleImagePickerController.storyboard */ = {isa = PBXFileReference; includeInIndex = 1; lastKnownFileType = file.storyboard; path = NNMultipleImagePickerController.storyboard; sourceTree = "<group>"; };
		86359F2314E1CFE763A7A567C64E6EF7 /* NNMultipleImagePickerController.bundle */ = {isa = PBXFileReference; explicitFileType = wrapper.cfbundle; includeInIndex = 0; path = NNMultipleImagePickerController.bundle; sourceTree = BUILT_PRODUCTS_DIR; };
		9456470345D0BEDFEB4E8900648A65B0 /* Pods-NNMultipleImagePickerController_Example-frameworks.sh */ = {isa = PBXFileReference; includeInIndex = 1; lastKnownFileType = text.script.sh; path = "Pods-NNMultipleImagePickerController_Example-frameworks.sh"; sourceTree = "<group>"; };
		A11203076498ADBEE81A30089B1E2D70 /* NNMultipleImagePickerController.xcconfig */ = {isa = PBXFileReference; includeInIndex = 1; lastKnownFileType = text.xcconfig; path = NNMultipleImagePickerController.xcconfig; sourceTree = "<group>"; };
		AE9A4C52655FD15554B99F65CBD2D900 /* Pods-NNMultipleImagePickerController_Tests-acknowledgements.markdown */ = {isa = PBXFileReference; includeInIndex = 1; lastKnownFileType = text; path = "Pods-NNMultipleImagePickerController_Tests-acknowledgements.markdown"; sourceTree = "<group>"; };
		BA6428E9F66FD5A23C0A2E06ED26CD2F /* Podfile */ = {isa = PBXFileReference; includeInIndex = 1; lastKnownFileType = text; name = Podfile; path = ../Podfile; sourceTree = SOURCE_ROOT; xcLanguageSpecificationIdentifier = xcode.lang.ruby; };
		BC925EFFC5A0050A45F0FA919FB2F127 /* Pods-NNMultipleImagePickerController_Tests-acknowledgements.plist */ = {isa = PBXFileReference; includeInIndex = 1; lastKnownFileType = text.plist.xml; path = "Pods-NNMultipleImagePickerController_Tests-acknowledgements.plist"; sourceTree = "<group>"; };
		CDCD46FCEA0B1D1EE84099E7D4755D77 /* NNMultipleImagePickerController-prefix.pch */ = {isa = PBXFileReference; includeInIndex = 1; lastKnownFileType = sourcecode.c.h; path = "NNMultipleImagePickerController-prefix.pch"; sourceTree = "<group>"; };
		D5C11CE5BA69DB41E067CBD8B84A126A /* NNMIPGridVC.m */ = {isa = PBXFileReference; includeInIndex = 1; lastKnownFileType = sourcecode.c.objc; path = NNMIPGridVC.m; sourceTree = "<group>"; };
		DACC2885C1B5B6003450585BA9623616 /* checkSmall@2x.png */ = {isa = PBXFileReference; includeInIndex = 1; lastKnownFileType = image.png; path = "checkSmall@2x.png"; sourceTree = "<group>"; };
		DDAF70741AB77D52830CB0E12E26F01A /* Pods-NNMultipleImagePickerController_Example-acknowledgements.markdown */ = {isa = PBXFileReference; includeInIndex = 1; lastKnownFileType = text; path = "Pods-NNMultipleImagePickerController_Example-acknowledgements.markdown"; sourceTree = "<group>"; };
		E4C946D8F628CE182AF1C35EAF1D9FA9 /* Pods-NNMultipleImagePickerController_Example.debug.xcconfig */ = {isa = PBXFileReference; includeInIndex = 1; lastKnownFileType = text.xcconfig; path = "Pods-NNMultipleImagePickerController_Example.debug.xcconfig"; sourceTree = "<group>"; };
		F1F4619F56301F224C9CBEDBB2CD894A /* NNMultipleImagePickerController-dummy.m */ = {isa = PBXFileReference; includeInIndex = 1; lastKnownFileType = sourcecode.c.objc; path = "NNMultipleImagePickerController-dummy.m"; sourceTree = "<group>"; };
/* End PBXFileReference section */

/* Begin PBXFrameworksBuildPhase section */
		47F82770F3049620E39CA8AF7062E5BC /* Frameworks */ = {
			isa = PBXFrameworksBuildPhase;
			buildActionMask = 2147483647;
			files = (
				43E4158681DBD7B7FB550C6428180A89 /* Foundation.framework in Frameworks */,
			);
			runOnlyForDeploymentPostprocessing = 0;
		};
		658315C515B52792EA4CA1E6E1C24A3F /* Frameworks */ = {
			isa = PBXFrameworksBuildPhase;
			buildActionMask = 2147483647;
			files = (
				79119CFAF34B21C009A000A9AAD28275 /* Foundation.framework in Frameworks */,
			);
			runOnlyForDeploymentPostprocessing = 0;
		};
		D46AA91A5B5547F3E9DD7DF8A59F11B0 /* Frameworks */ = {
			isa = PBXFrameworksBuildPhase;
			buildActionMask = 2147483647;
			files = (
				704CE286602133263BD9B48C607B05A1 /* Foundation.framework in Frameworks */,
			);
			runOnlyForDeploymentPostprocessing = 0;
		};
		D8A6100A41DF8531D5D46F4AAE3BD463 /* Frameworks */ = {
			isa = PBXFrameworksBuildPhase;
			buildActionMask = 2147483647;
			files = (
			);
			runOnlyForDeploymentPostprocessing = 0;
		};
/* End PBXFrameworksBuildPhase section */

/* Begin PBXGroup section */
		285E4B677C46E5D5B76A3BE9FB354F67 /* Pod */ = {
			isa = PBXGroup;
			children = (
				E38B2E1CE721E3B5FB395BE7B077715E /* Classes */,
			);
			path = Pod;
			sourceTree = "<group>";
		};
		30B9B71C8507EDA2A1BAB20F058A662B /* NNMultipleImagePickerController */ = {
			isa = PBXGroup;
			children = (
				285E4B677C46E5D5B76A3BE9FB354F67 /* Pod */,
				8C00E495D51EE10E1FED4E6A7881B7A3 /* Resources */,
				633359907CA337C980934735A4D7A0EF /* Support Files */,
			);
			name = NNMultipleImagePickerController;
			path = ../..;
			sourceTree = "<group>";
		};
		336F8E49880AC2A80C79B4A172D08900 /* Targets Support Files */ = {
			isa = PBXGroup;
			children = (
				3C21A5425C63F61F88CE06CDDA1B5DDB /* Pods-NNMultipleImagePickerController_Example */,
				89E59CF0565CB025B49B6D17C3744431 /* Pods-NNMultipleImagePickerController_Tests */,
			);
			name = "Targets Support Files";
			sourceTree = "<group>";
		};
		3C21A5425C63F61F88CE06CDDA1B5DDB /* Pods-NNMultipleImagePickerController_Example */ = {
			isa = PBXGroup;
			children = (
				DDAF70741AB77D52830CB0E12E26F01A /* Pods-NNMultipleImagePickerController_Example-acknowledgements.markdown */,
				6BD0E8E1D139F32B4EDBD8F74031E70F /* Pods-NNMultipleImagePickerController_Example-acknowledgements.plist */,
				7F6A1B61BBCF1F577E7510143378057A /* Pods-NNMultipleImagePickerController_Example-dummy.m */,
				9456470345D0BEDFEB4E8900648A65B0 /* Pods-NNMultipleImagePickerController_Example-frameworks.sh */,
				722C9BC13C924FD79F1E8EABC43439D3 /* Pods-NNMultipleImagePickerController_Example-resources.sh */,
				E4C946D8F628CE182AF1C35EAF1D9FA9 /* Pods-NNMultipleImagePickerController_Example.debug.xcconfig */,
				5E3EA67D98257733161959E57DFF8002 /* Pods-NNMultipleImagePickerController_Example.release.xcconfig */,
			);
			name = "Pods-NNMultipleImagePickerController_Example";
			path = "Target Support Files/Pods-NNMultipleImagePickerController_Example";
			sourceTree = "<group>";
		};
		47F3DBB00A97864BD38CDDA353C3E3D6 /* Assets */ = {
			isa = PBXGroup;
			children = (
				DACC2885C1B5B6003450585BA9623616 /* checkSmall@2x.png */,
				82CF8542799515008439A9FC7B221EAD /* NNMultipleImagePickerController.storyboard */,
			);
			path = Assets;
			sourceTree = "<group>";
		};
		633359907CA337C980934735A4D7A0EF /* Support Files */ = {
			isa = PBXGroup;
			children = (
				A11203076498ADBEE81A30089B1E2D70 /* NNMultipleImagePickerController.xcconfig */,
				F1F4619F56301F224C9CBEDBB2CD894A /* NNMultipleImagePickerController-dummy.m */,
				CDCD46FCEA0B1D1EE84099E7D4755D77 /* NNMultipleImagePickerController-prefix.pch */,
			);
			name = "Support Files";
			path = "Example/Pods/Target Support Files/NNMultipleImagePickerController";
			sourceTree = "<group>";
		};
		7DB346D0F39D3F0E887471402A8071AB = {
			isa = PBXGroup;
			children = (
				BA6428E9F66FD5A23C0A2E06ED26CD2F /* Podfile */,
				F1EDA8CD1EE3C2F916AC05DDEB02B1D0 /* Development Pods */,
				BC3CA7F9E30CC8F7E2DD044DD34432FC /* Frameworks */,
				A3A38A1C591FC4219E3A3D2789B9EDA8 /* Products */,
				336F8E49880AC2A80C79B4A172D08900 /* Targets Support Files */,
			);
			sourceTree = "<group>";
		};
		89E59CF0565CB025B49B6D17C3744431 /* Pods-NNMultipleImagePickerController_Tests */ = {
			isa = PBXGroup;
			children = (
				AE9A4C52655FD15554B99F65CBD2D900 /* Pods-NNMultipleImagePickerController_Tests-acknowledgements.markdown */,
				BC925EFFC5A0050A45F0FA919FB2F127 /* Pods-NNMultipleImagePickerController_Tests-acknowledgements.plist */,
				6CA184DFE7D7FE89FF8DB37EFBDDE4BD /* Pods-NNMultipleImagePickerController_Tests-dummy.m */,
				1B0529DD5FBB4FCDB266CAEED7C5F1CD /* Pods-NNMultipleImagePickerController_Tests-frameworks.sh */,
				6636E61A640738A0199F893837F7694A /* Pods-NNMultipleImagePickerController_Tests-resources.sh */,
				5F81D1DBE99BE74C3D4CC602C96CD34F /* Pods-NNMultipleImagePickerController_Tests.debug.xcconfig */,
				0B9F60AB483FD64057A7ED19B6389E30 /* Pods-NNMultipleImagePickerController_Tests.release.xcconfig */,
			);
			name = "Pods-NNMultipleImagePickerController_Tests";
			path = "Target Support Files/Pods-NNMultipleImagePickerController_Tests";
			sourceTree = "<group>";
		};
		8C00E495D51EE10E1FED4E6A7881B7A3 /* Resources */ = {
			isa = PBXGroup;
			children = (
				95D0DA6977B3F43FAF1CCAAABB397B0F /* Pod */,
			);
			name = Resources;
			sourceTree = "<group>";
		};
		95D0DA6977B3F43FAF1CCAAABB397B0F /* Pod */ = {
			isa = PBXGroup;
			children = (
				47F3DBB00A97864BD38CDDA353C3E3D6 /* Assets */,
			);
			path = Pod;
			sourceTree = "<group>";
		};
		A3A38A1C591FC4219E3A3D2789B9EDA8 /* Products */ = {
			isa = PBXGroup;
			children = (
				4D79A223005E61FDF4933CE4E822617A /* libNNMultipleImagePickerController.a */,
				1755406A05B3121AF9106E776B9DD43B /* libPods-NNMultipleImagePickerController_Example.a */,
				06F31BF448F85A9042C0FEA1786BA0AC /* libPods-NNMultipleImagePickerController_Tests.a */,
				86359F2314E1CFE763A7A567C64E6EF7 /* NNMultipleImagePickerController.bundle */,
			);
			name = Products;
			sourceTree = "<group>";
		};
		BC3CA7F9E30CC8F7E2DD044DD34432FC /* Frameworks */ = {
			isa = PBXGroup;
			children = (
				BF6342C8B29F4CEEA088EFF7AB4DE362 /* iOS */,
			);
			name = Frameworks;
			sourceTree = "<group>";
		};
		BF6342C8B29F4CEEA088EFF7AB4DE362 /* iOS */ = {
			isa = PBXGroup;
			children = (
				3E4E89230EF59BC255123B67864ACF77 /* Foundation.framework */,
			);
			name = iOS;
			sourceTree = "<group>";
		};
		E38B2E1CE721E3B5FB395BE7B077715E /* Classes */ = {
			isa = PBXGroup;
			children = (
				43A0CA5CE46086D64E82AD0F3BA8D74F /* NNMIPGridVC.h */,
				D5C11CE5BA69DB41E067CBD8B84A126A /* NNMIPGridVC.m */,
				30DC178E5A9B01FAD63B39E27BB6F564 /* NNMultipleImagePickerController.h */,
				65E6729C5543047DFED014E57DBBE6AF /* NNMultipleImagePickerController.m */,
			);
			path = Classes;
			sourceTree = "<group>";
		};
		F1EDA8CD1EE3C2F916AC05DDEB02B1D0 /* Development Pods */ = {
			isa = PBXGroup;
			children = (
				30B9B71C8507EDA2A1BAB20F058A662B /* NNMultipleImagePickerController */,
			);
			name = "Development Pods";
			sourceTree = "<group>";
		};
/* End PBXGroup section */

/* Begin PBXHeadersBuildPhase section */
		AE6231682432AA1314EF1434FE64A430 /* Headers */ = {
			isa = PBXHeadersBuildPhase;
			buildActionMask = 2147483647;
			files = (
				D32D4BE492F7E5929BABDFAD2DE1DA0F /* NNMIPGridVC.h in Headers */,
				5A562D8AA15689447447BD7DE72F0FB9 /* NNMultipleImagePickerController.h in Headers */,
			);
			runOnlyForDeploymentPostprocessing = 0;
		};
/* End PBXHeadersBuildPhase section */

/* Begin PBXNativeTarget section */
		0599FE9C3CE251DB517DB87CB2D04EC4 /* NNMultipleImagePickerController-NNMultipleImagePickerController */ = {
			isa = PBXNativeTarget;
			buildConfigurationList = 5449C7758ADEF0C0B063B4B90C97093E /* Build configuration list for PBXNativeTarget "NNMultipleImagePickerController-NNMultipleImagePickerController" */;
			buildPhases = (
				87E77EE1681723D39DCB2D5946D072C4 /* Sources */,
				D8A6100A41DF8531D5D46F4AAE3BD463 /* Frameworks */,
				C84E8187815913CCC57969CCCBE96B4F /* Resources */,
			);
			buildRules = (
			);
			dependencies = (
			);
			name = "NNMultipleImagePickerController-NNMultipleImagePickerController";
			productName = "NNMultipleImagePickerController-NNMultipleImagePickerController";
			productReference = 86359F2314E1CFE763A7A567C64E6EF7 /* NNMultipleImagePickerController.bundle */;
			productType = "com.apple.product-type.bundle";
		};
		1B8863ACE99A0BFFC526879CFE40F9A4 /* Pods-NNMultipleImagePickerController_Example */ = {
			isa = PBXNativeTarget;
			buildConfigurationList = DCED8102FCD29744B2D96BAABFA44705 /* Build configuration list for PBXNativeTarget "Pods-NNMultipleImagePickerController_Example" */;
			buildPhases = (
				67FF200A0122860BBB667C9C392E9F50 /* Sources */,
				658315C515B52792EA4CA1E6E1C24A3F /* Frameworks */,
			);
			buildRules = (
			);
			dependencies = (
				A0BA4DF80677FF0D8A671E893B407D44 /* PBXTargetDependency */,
			);
			name = "Pods-NNMultipleImagePickerController_Example";
			productName = "Pods-NNMultipleImagePickerController_Example";
			productReference = 1755406A05B3121AF9106E776B9DD43B /* libPods-NNMultipleImagePickerController_Example.a */;
			productType = "com.apple.product-type.library.static";
		};
		2F3D351E021474412D4D9ABF85556B42 /* NNMultipleImagePickerController */ = {
			isa = PBXNativeTarget;
			buildConfigurationList = 0CAB58489660856E3189E3A5F09A4D82 /* Build configuration list for PBXNativeTarget "NNMultipleImagePickerController" */;
			buildPhases = (
				130F88AEC3A477D283E372AB0AC4040F /* Sources */,
				47F82770F3049620E39CA8AF7062E5BC /* Frameworks */,
				AE6231682432AA1314EF1434FE64A430 /* Headers */,
			);
			buildRules = (
			);
			dependencies = (
				45BDEE873934C39FDACF16B2F3648B2B /* PBXTargetDependency */,
			);
			name = NNMultipleImagePickerController;
			productName = NNMultipleImagePickerController;
			productReference = 4D79A223005E61FDF4933CE4E822617A /* libNNMultipleImagePickerController.a */;
			productType = "com.apple.product-type.library.static";
		};
		912C0EE722EBA1711142DB6C303DB80A /* Pods-NNMultipleImagePickerController_Tests */ = {
			isa = PBXNativeTarget;
			buildConfigurationList = 5F79D2DCFB480DC8A2EE86DD1BA964F2 /* Build configuration list for PBXNativeTarget "Pods-NNMultipleImagePickerController_Tests" */;
			buildPhases = (
				2E7D929C920D09727F323DC5CB4C068A /* Sources */,
				D46AA91A5B5547F3E9DD7DF8A59F11B0 /* Frameworks */,
			);
			buildRules = (
			);
			dependencies = (
				CE8B57FDB1F469A6F6DEBDB7519215C1 /* PBXTargetDependency */,
			);
			name = "Pods-NNMultipleImagePickerController_Tests";
			productName = "Pods-NNMultipleImagePickerController_Tests";
			productReference = 06F31BF448F85A9042C0FEA1786BA0AC /* libPods-NNMultipleImagePickerController_Tests.a */;
			productType = "com.apple.product-type.library.static";
		};
/* End PBXNativeTarget section */

/* Begin PBXProject section */
		D41D8CD98F00B204E9800998ECF8427E /* Project object */ = {
			isa = PBXProject;
			attributes = {
				LastSwiftUpdateCheck = 0700;
				LastUpgradeCheck = 0700;
			};
			buildConfigurationList = 2D8E8EC45A3A1A1D94AE762CB5028504 /* Build configuration list for PBXProject "Pods" */;
			compatibilityVersion = "Xcode 3.2";
			developmentRegion = English;
			hasScannedForEncodings = 0;
			knownRegions = (
				en,
			);
			mainGroup = 7DB346D0F39D3F0E887471402A8071AB;
			productRefGroup = A3A38A1C591FC4219E3A3D2789B9EDA8 /* Products */;
			projectDirPath = "";
			projectRoot = "";
			targets = (
				2F3D351E021474412D4D9ABF85556B42 /* NNMultipleImagePickerController */,
				0599FE9C3CE251DB517DB87CB2D04EC4 /* NNMultipleImagePickerController-NNMultipleImagePickerController */,
				1B8863ACE99A0BFFC526879CFE40F9A4 /* Pods-NNMultipleImagePickerController_Example */,
				912C0EE722EBA1711142DB6C303DB80A /* Pods-NNMultipleImagePickerController_Tests */,
			);
		};
/* End PBXProject section */

/* Begin PBXResourcesBuildPhase section */
		C84E8187815913CCC57969CCCBE96B4F /* Resources */ = {
			isa = PBXResourcesBuildPhase;
			buildActionMask = 2147483647;
			files = (
				8ECD21FF555C8184FB151830A86965B7 /* checkSmall@2x.png in Resources */,
				289AA850631C8A3B7487CA4B925A0CC3 /* NNMultipleImagePickerController.storyboard in Resources */,
			);
			runOnlyForDeploymentPostprocessing = 0;
		};
/* End PBXResourcesBuildPhase section */

/* Begin PBXSourcesBuildPhase section */
		130F88AEC3A477D283E372AB0AC4040F /* Sources */ = {
			isa = PBXSourcesBuildPhase;
			buildActionMask = 2147483647;
			files = (
				401438FF0AE21FEB6736B0EF4DACD3C2 /* NNMIPGridVC.m in Sources */,
				83EAAB97624C727A77B30BCF5EE9F0D3 /* NNMultipleImagePickerController-dummy.m in Sources */,
				03F77B6D3ED9C6FB8CDC9F823DA2FC15 /* NNMultipleImagePickerController.m in Sources */,
			);
			runOnlyForDeploymentPostprocessing = 0;
		};
		2E7D929C920D09727F323DC5CB4C068A /* Sources */ = {
			isa = PBXSourcesBuildPhase;
			buildActionMask = 2147483647;
			files = (
				CE8214F1A422587141B9E96434A9497B /* Pods-NNMultipleImagePickerController_Tests-dummy.m in Sources */,
			);
			runOnlyForDeploymentPostprocessing = 0;
		};
		67FF200A0122860BBB667C9C392E9F50 /* Sources */ = {
			isa = PBXSourcesBuildPhase;
			buildActionMask = 2147483647;
			files = (
				35BEE1CDCC093023542F27BD92077236 /* Pods-NNMultipleImagePickerController_Example-dummy.m in Sources */,
			);
			runOnlyForDeploymentPostprocessing = 0;
		};
		87E77EE1681723D39DCB2D5946D072C4 /* Sources */ = {
			isa = PBXSourcesBuildPhase;
			buildActionMask = 2147483647;
			files = (
			);
			runOnlyForDeploymentPostprocessing = 0;
		};
/* End PBXSourcesBuildPhase section */

/* Begin PBXTargetDependency section */
		45BDEE873934C39FDACF16B2F3648B2B /* PBXTargetDependency */ = {
			isa = PBXTargetDependency;
			name = "NNMultipleImagePickerController-NNMultipleImagePickerController";
			target = 0599FE9C3CE251DB517DB87CB2D04EC4 /* NNMultipleImagePickerController-NNMultipleImagePickerController */;
			targetProxy = AF6B86CCBCCBE4D7459B0AC8AD29638E /* PBXContainerItemProxy */;
		};
		A0BA4DF80677FF0D8A671E893B407D44 /* PBXTargetDependency */ = {
			isa = PBXTargetDependency;
			name = NNMultipleImagePickerController;
			target = 2F3D351E021474412D4D9ABF85556B42 /* NNMultipleImagePickerController */;
			targetProxy = 13BECADAEE758CAD9205E8A6831D9DB7 /* PBXContainerItemProxy */;
		};
		CE8B57FDB1F469A6F6DEBDB7519215C1 /* PBXTargetDependency */ = {
			isa = PBXTargetDependency;
			name = NNMultipleImagePickerController;
			target = 2F3D351E021474412D4D9ABF85556B42 /* NNMultipleImagePickerController */;
			targetProxy = 7D5691ADD7946801B5728FAB46E7E46F /* PBXContainerItemProxy */;
		};
/* End PBXTargetDependency section */

/* Begin XCBuildConfiguration section */
		03CA91998D6773EC5D02B3DB87B8353E /* Release */ = {
			isa = XCBuildConfiguration;
			buildSettings = {
				ALWAYS_SEARCH_USER_PATHS = NO;
				CLANG_CXX_LANGUAGE_STANDARD = "gnu++0x";
				CLANG_CXX_LIBRARY = "libc++";
				CLANG_ENABLE_MODULES = YES;
				CLANG_ENABLE_OBJC_ARC = YES;
				CLANG_WARN_BOOL_CONVERSION = YES;
				CLANG_WARN_CONSTANT_CONVERSION = YES;
				CLANG_WARN_DIRECT_OBJC_ISA_USAGE = YES;
				CLANG_WARN_EMPTY_BODY = YES;
				CLANG_WARN_ENUM_CONVERSION = YES;
				CLANG_WARN_INT_CONVERSION = YES;
				CLANG_WARN_OBJC_ROOT_CLASS = YES;
				CLANG_WARN_UNREACHABLE_CODE = YES;
				CLANG_WARN__DUPLICATE_METHOD_MATCH = YES;
				COPY_PHASE_STRIP = YES;
				ENABLE_NS_ASSERTIONS = NO;
				GCC_C_LANGUAGE_STANDARD = gnu99;
				GCC_PREPROCESSOR_DEFINITIONS = "RELEASE=1";
				GCC_WARN_64_TO_32_BIT_CONVERSION = YES;
				GCC_WARN_ABOUT_RETURN_TYPE = YES;
				GCC_WARN_UNDECLARED_SELECTOR = YES;
				GCC_WARN_UNINITIALIZED_AUTOS = YES;
				GCC_WARN_UNUSED_FUNCTION = YES;
				GCC_WARN_UNUSED_VARIABLE = YES;
				IPHONEOS_DEPLOYMENT_TARGET = 7.1;
				STRIP_INSTALLED_PRODUCT = NO;
				SYMROOT = "${SRCROOT}/../build";
				VALIDATE_PRODUCT = YES;
			};
			name = Release;
		};
		0B57334D6C23DADAA4F7D802A5760EB2 /* Debug */ = {
			isa = XCBuildConfiguration;
			buildSettings = {
				ALWAYS_SEARCH_USER_PATHS = NO;
				CLANG_CXX_LANGUAGE_STANDARD = "gnu++0x";
				CLANG_CXX_LIBRARY = "libc++";
				CLANG_ENABLE_MODULES = YES;
				CLANG_ENABLE_OBJC_ARC = YES;
				CLANG_WARN_BOOL_CONVERSION = YES;
				CLANG_WARN_CONSTANT_CONVERSION = YES;
				CLANG_WARN_DIRECT_OBJC_ISA_USAGE = YES;
				CLANG_WARN_EMPTY_BODY = YES;
				CLANG_WARN_ENUM_CONVERSION = YES;
				CLANG_WARN_INT_CONVERSION = YES;
				CLANG_WARN_OBJC_ROOT_CLASS = YES;
				CLANG_WARN_UNREACHABLE_CODE = YES;
				CLANG_WARN__DUPLICATE_METHOD_MATCH = YES;
				COPY_PHASE_STRIP = NO;
				GCC_C_LANGUAGE_STANDARD = gnu99;
				GCC_DYNAMIC_NO_PIC = NO;
				GCC_OPTIMIZATION_LEVEL = 0;
				GCC_PREPROCESSOR_DEFINITIONS = (
					"DEBUG=1",
					"$(inherited)",
				);
				GCC_SYMBOLS_PRIVATE_EXTERN = NO;
				GCC_WARN_64_TO_32_BIT_CONVERSION = YES;
				GCC_WARN_ABOUT_RETURN_TYPE = YES;
				GCC_WARN_UNDECLARED_SELECTOR = YES;
				GCC_WARN_UNINITIALIZED_AUTOS = YES;
				GCC_WARN_UNUSED_FUNCTION = YES;
				GCC_WARN_UNUSED_VARIABLE = YES;
				IPHONEOS_DEPLOYMENT_TARGET = 7.1;
				ONLY_ACTIVE_ARCH = YES;
				STRIP_INSTALLED_PRODUCT = NO;
				SYMROOT = "${SRCROOT}/../build";
			};
			name = Debug;
		};
		265E8016E4DB6DEBBDF49D8A16A45779 /* Debug */ = {
			isa = XCBuildConfiguration;
			baseConfigurationReference = A11203076498ADBEE81A30089B1E2D70 /* NNMultipleImagePickerController.xcconfig */;
			buildSettings = {
				ENABLE_STRICT_OBJC_MSGSEND = YES;
				PRODUCT_NAME = NNMultipleImagePickerController;
				SDKROOT = iphoneos;
				SKIP_INSTALL = YES;
				WRAPPER_EXTENSION = bundle;
			};
			name = Debug;
		};
		4F6F8ECA6AA8265488CF22C01B9A7618 /* Release */ = {
			isa = XCBuildConfiguration;
			baseConfigurationReference = A11203076498ADBEE81A30089B1E2D70 /* NNMultipleImagePickerController.xcconfig */;
			buildSettings = {
				ENABLE_STRICT_OBJC_MSGSEND = YES;
				GCC_PREFIX_HEADER = "Target Support Files/NNMultipleImagePickerController/NNMultipleImagePickerController-prefix.pch";
				IPHONEOS_DEPLOYMENT_TARGET = 7.1;
				MTL_ENABLE_DEBUG_INFO = NO;
				OTHER_LDFLAGS = "";
				OTHER_LIBTOOLFLAGS = "";
				PRIVATE_HEADERS_FOLDER_PATH = "";
				PRODUCT_NAME = "$(TARGET_NAME)";
				PUBLIC_HEADERS_FOLDER_PATH = "";
				SDKROOT = iphoneos;
				SKIP_INSTALL = YES;
			};
			name = Release;
		};
		76C818993F8B865FEB8CDB931D380007 /* Release */ = {
			isa = XCBuildConfiguration;
			baseConfigurationReference = 5E3EA67D98257733161959E57DFF8002 /* Pods-NNMultipleImagePickerController_Example.release.xcconfig */;
			buildSettings = {
				ENABLE_STRICT_OBJC_MSGSEND = YES;
				IPHONEOS_DEPLOYMENT_TARGET = 7.1;
				MACH_O_TYPE = staticlib;
				MTL_ENABLE_DEBUG_INFO = NO;
				OTHER_LDFLAGS = "";
				OTHER_LIBTOOLFLAGS = "";
				PODS_ROOT = "$(SRCROOT)";
				PRODUCT_NAME = "$(TARGET_NAME)";
				SDKROOT = iphoneos;
				SKIP_INSTALL = YES;
			};
			name = Release;
		};
		7B3A1AE4066C047AEC96C27DADBDC533 /* Debug */ = {
			isa = XCBuildConfiguration;
			baseConfigurationReference = A11203076498ADBEE81A30089B1E2D70 /* NNMultipleImagePickerController.xcconfig */;
			buildSettings = {
				ENABLE_STRICT_OBJC_MSGSEND = YES;
				GCC_PREFIX_HEADER = "Target Support Files/NNMultipleImagePickerController/NNMultipleImagePickerController-prefix.pch";
				IPHONEOS_DEPLOYMENT_TARGET = 7.1;
				MTL_ENABLE_DEBUG_INFO = YES;
				OTHER_LDFLAGS = "";
				OTHER_LIBTOOLFLAGS = "";
				PRIVATE_HEADERS_FOLDER_PATH = "";
				PRODUCT_NAME = "$(TARGET_NAME)";
				PUBLIC_HEADERS_FOLDER_PATH = "";
				SDKROOT = iphoneos;
				SKIP_INSTALL = YES;
			};
			name = Debug;
		};
		86F88D6172008FDC74543888B3E1FC3C /* Debug */ = {
			isa = XCBuildConfiguration;
			baseConfigurationReference = E4C946D8F628CE182AF1C35EAF1D9FA9 /* Pods-NNMultipleImagePickerController_Example.debug.xcconfig */;
			buildSettings = {
				ENABLE_STRICT_OBJC_MSGSEND = YES;
				IPHONEOS_DEPLOYMENT_TARGET = 7.1;
				MACH_O_TYPE = staticlib;
				MTL_ENABLE_DEBUG_INFO = YES;
				OTHER_LDFLAGS = "";
				OTHER_LIBTOOLFLAGS = "";
				PODS_ROOT = "$(SRCROOT)";
				PRODUCT_NAME = "$(TARGET_NAME)";
				SDKROOT = iphoneos;
				SKIP_INSTALL = YES;
			};
			name = Debug;
		};
		9719E2ABBCDBC37FCC7B44CAC9C33B04 /* Release */ = {
			isa = XCBuildConfiguration;
			baseConfigurationReference = 0B9F60AB483FD64057A7ED19B6389E30 /* Pods-NNMultipleImagePickerController_Tests.release.xcconfig */;
			buildSettings = {
				ENABLE_STRICT_OBJC_MSGSEND = YES;
				IPHONEOS_DEPLOYMENT_TARGET = 7.1;
				MACH_O_TYPE = staticlib;
				MTL_ENABLE_DEBUG_INFO = NO;
				OTHER_LDFLAGS = "";
				OTHER_LIBTOOLFLAGS = "";
				PODS_ROOT = "$(SRCROOT)";
				PRODUCT_NAME = "$(TARGET_NAME)";
				SDKROOT = iphoneos;
				SKIP_INSTALL = YES;
			};
			name = Release;
		};
		AE4BA9D843CF60D7C0F9575DA68520FB /* Release */ = {
			isa = XCBuildConfiguration;
			baseConfigurationReference = A11203076498ADBEE81A30089B1E2D70 /* NNMultipleImagePickerController.xcconfig */;
			buildSettings = {
				ENABLE_STRICT_OBJC_MSGSEND = YES;
				PRODUCT_NAME = NNMultipleImagePickerController;
				SDKROOT = iphoneos;
				SKIP_INSTALL = YES;
				WRAPPER_EXTENSION = bundle;
			};
			name = Release;
		};
		ED33649E8B57052D18EEF157ACD996A9 /* Debug */ = {
			isa = XCBuildConfiguration;
			baseConfigurationReference = 5F81D1DBE99BE74C3D4CC602C96CD34F /* Pods-NNMultipleImagePickerController_Tests.debug.xcconfig */;
			buildSettings = {
				ENABLE_STRICT_OBJC_MSGSEND = YES;
				IPHONEOS_DEPLOYMENT_TARGET = 7.1;
				MACH_O_TYPE = staticlib;
				MTL_ENABLE_DEBUG_INFO = YES;
				OTHER_LDFLAGS = "";
				OTHER_LIBTOOLFLAGS = "";
				PODS_ROOT = "$(SRCROOT)";
				PRODUCT_NAME = "$(TARGET_NAME)";
				SDKROOT = iphoneos;
				SKIP_INSTALL = YES;
			};
			name = Debug;
		};
/* End XCBuildConfiguration section */

/* Begin XCConfigurationList section */
		0CAB58489660856E3189E3A5F09A4D82 /* Build configuration list for PBXNativeTarget "NNMultipleImagePickerController" */ = {
			isa = XCConfigurationList;
			buildConfigurations = (
				7B3A1AE4066C047AEC96C27DADBDC533 /* Debug */,
				4F6F8ECA6AA8265488CF22C01B9A7618 /* Release */,
			);
			defaultConfigurationIsVisible = 0;
			defaultConfigurationName = Release;
		};
		2D8E8EC45A3A1A1D94AE762CB5028504 /* Build configuration list for PBXProject "Pods" */ = {
			isa = XCConfigurationList;
			buildConfigurations = (
				0B57334D6C23DADAA4F7D802A5760EB2 /* Debug */,
				03CA91998D6773EC5D02B3DB87B8353E /* Release */,
			);
			defaultConfigurationIsVisible = 0;
			defaultConfigurationName = Release;
		};
		5449C7758ADEF0C0B063B4B90C97093E /* Build configuration list for PBXNativeTarget "NNMultipleImagePickerController-NNMultipleImagePickerController" */ = {
			isa = XCConfigurationList;
			buildConfigurations = (
				265E8016E4DB6DEBBDF49D8A16A45779 /* Debug */,
				AE4BA9D843CF60D7C0F9575DA68520FB /* Release */,
			);
			defaultConfigurationIsVisible = 0;
			defaultConfigurationName = Release;
		};
		5F79D2DCFB480DC8A2EE86DD1BA964F2 /* Build configuration list for PBXNativeTarget "Pods-NNMultipleImagePickerController_Tests" */ = {
			isa = XCConfigurationList;
			buildConfigurations = (
				ED33649E8B57052D18EEF157ACD996A9 /* Debug */,
				9719E2ABBCDBC37FCC7B44CAC9C33B04 /* Release */,
			);
			defaultConfigurationIsVisible = 0;
			defaultConfigurationName = Release;
		};
		DCED8102FCD29744B2D96BAABFA44705 /* Build configuration list for PBXNativeTarget "Pods-NNMultipleImagePickerController_Example" */ = {
			isa = XCConfigurationList;
			buildConfigurations = (
				86F88D6172008FDC74543888B3E1FC3C /* Debug */,
				76C818993F8B865FEB8CDB931D380007 /* Release */,
			);
			defaultConfigurationIsVisible = 0;
			defaultConfigurationName = Release;
		};
/* End XCConfigurationList section */
	};
	rootObject = D41D8CD98F00B204E9800998ECF8427E /* Project object */;
}
